
Microsoft Visual Studio Solution File, Format Version 12.00
# Visual Studio Version 17
VisualStudioVersion = 17.14.36616.10 d17.14
MinimumVisualStudioVersion = 10.0.40219.1
Project("{FAE04EC0-301F-11D3-BF4B-00C04F79EFBC}") = "Labb3", "Labb3\Labb3.csproj", "{5967A1D1-EFB6-4666-9A38-88550762AF9B}"
EndProject
Global
	GlobalSection(SolutionConfigurationPlatforms) = preSolution
		Debug|Any CPU = Debug|Any CPU
		Release|Any CPU = Release|Any CPU
	EndGlobalSection
	GlobalSection(ProjectConfigurationPlatforms) = postSolution
		{5967A1D1-EFB6-4666-9A38-88550762AF9B}.Debug|Any CPU.ActiveCfg = Debug|Any CPU
		{5967A1D1-EFB6-4666-9A38-88550762AF9B}.Debug|Any CPU.Build.0 = Debug|Any CPU
		{5967A1D1-EFB6-4666-9A38-88550762AF9B}.Release|Any CPU.ActiveCfg = Release|Any CPU
		{5967A1D1-EFB6-4666-9A38-88550762AF9B}.Release|Any CPU.Build.0 = Release|Any CPU
	EndGlobalSection
	GlobalSection(SolutionProperties) = preSolution
		HideSolutionNode = FALSE
	EndGlobalSection
	GlobalSection(ExtensibilityGlobals) = postSolution
		SolutionGuid = {72761114-B0B7-43ED-94DF-4CEA98A1DD4A}
	EndGlobalSection
EndGlobal
